<?xml version="1.0" encoding="utf-8"?>
<Project ToolsVersion="4.0" xmlns="http://schemas.microsoft.com/developer/msbuild/2003">
  <ItemGroup>
    <Filter Include="Archivos de origen">
      <UniqueIdentifier>{4FC737F1-C7A5-4376-A066-2A32D752A2FF}</UniqueIdentifier>
      <Extensions>cpp;c;cc;cxx;c++;cppm;ixx;def;odl;idl;hpj;bat;asm;asmx</Extensions>
    </Filter>
    <Filter Include="Archivos de encabezado">
      <UniqueIdentifier>{93995380-89BD-4b04-88EB-625FBE52EBFB}</UniqueIdentifier>
      <Extensions>h;hh;hpp;hxx;h++;hm;inl;inc;ipp;xsd</Extensions>
    </Filter>
    <Filter Include="Archivos de recursos">
      <UniqueIdentifier>{67DA6AB6-F800-4c08-8B7A-83BB121AAD01}</UniqueIdentifier>
      <Extensions>rc;ico;cur;bmp;dlg;rc2;rct;bin;rgs;gif;jpg;jpeg;jpe;resx;tiff;tif;png;wav;mfcribbon-ms</Extensions>
    </Filter>
    <Filter Include="Archivos de encabezado\Example">
      <UniqueIdentifier>{363ce6a7-18ed-44b1-8592-dfdb682ce1aa}</UniqueIdentifier>
    </Filter>
    <Filter Include="Archivos de origen\Example">
      <UniqueIdentifier>{dd58ac88-dc41-461c-9c16-c8ff9f00c935}</UniqueIdentifier>
    </Filter>
    <Filter Include="Archivos de encabezado\Utility">
      <UniqueIdentifier>{70915f7e-fbad-42a4-85b3-34c815d7b616}</UniqueIdentifier>
    </Filter>
    <Filter Include="Archivos de origen\Utility">
      <UniqueIdentifier>{5ad45f35-23d5-4d8b-9f08-cf0ce3ee609e}</UniqueIdentifier>
    </Filter>
    <Filter Include="Archivos de encabezado\Figura">
      <UniqueIdentifier>{d744293b-eec7-4d07-b288-bc9e7b870b75}</UniqueIdentifier>
    </Filter>
    <Filter Include="Archivos de origen\Figura">
      <UniqueIdentifier>{2190ccf7-1ca8-40da-a3ff-ee6c61b13068}</UniqueIdentifier>
    </Filter>
    <Filter Include="Archivos de origen\Math">
      <UniqueIdentifier>{63fc0280-2bc3-41ab-aa1c-af999edc8398}</UniqueIdentifier>
    </Filter>
    <Filter Include="Archivos de encabezado\Math">
      <UniqueIdentifier>{3e374bc1-0b3b-469d-b7f8-a688de6e5a63}</UniqueIdentifier>
    </Filter>
  </ItemGroup>
  <ItemGroup>
    <ClCompile Include="OpenGL.cpp">
      <Filter>Archivos de origen</Filter>
    </ClCompile>
    <ClCompile Include="Example.cpp">
      <Filter>Archivos de origen\Example</Filter>
    </ClCompile>
    <ClCompile Include="Example1.cpp">
      <Filter>Archivos de origen\Example</Filter>
    </ClCompile>
    <ClCompile Include="Example2.cpp">
      <Filter>Archivos de origen\Example</Filter>
    </ClCompile>
    <ClCompile Include="Example3.cpp">
      <Filter>Archivos de origen\Example</Filter>
    </ClCompile>
    <ClCompile Include="Figura.cpp">
      <Filter>Archivos de origen\Figura</Filter>
    </ClCompile>
    <ClCompile Include="Figura2D.cpp">
      <Filter>Archivos de origen\Figura</Filter>
    </ClCompile>
    <ClCompile Include="Figura3D.cpp">
      <Filter>Archivos de origen\Figura</Filter>
    </ClCompile>
    <ClCompile Include="Cubo.cpp">
      <Filter>Archivos de origen\Figura</Filter>
    </ClCompile>
    <ClCompile Include="WorldSpace.cpp">
      <Filter>Archivos de origen\Math</Filter>
    </ClCompile>
    <ClCompile Include="Transform.cpp">
      <Filter>Archivos de origen\Math</Filter>
    </ClCompile>
    <ClCompile Include="Vector3D.cpp">
      <Filter>Archivos de origen\Math</Filter>
    </ClCompile>
  </ItemGroup>
  <ItemGroup>
    <ClInclude Include="resource.h">
      <Filter>Archivos de encabezado</Filter>
    </ClInclude>
    <ClInclude Include="Example.h">
      <Filter>Archivos de encabezado\Example</Filter>
    </ClInclude>
    <ClInclude Include="Example1.h">
      <Filter>Archivos de encabezado\Example</Filter>
    </ClInclude>
    <ClInclude Include="Figura3D.h">
      <Filter>Archivos de encabezado\Figura</Filter>
    </ClInclude>
    <ClInclude Include="Vector3D.h">
      <Filter>Archivos de encabezado\Math</Filter>
    </ClInclude>
    <ClInclude Include="Figura2D.h">
      <Filter>Archivos de encabezado\Figura</Filter>
    </ClInclude>
    <ClInclude Include="Figura.h">
      <Filter>Archivos de encabezado\Figura</Filter>
    </ClInclude>
    <ClInclude Include="Cubo.h">
      <Filter>Archivos de encabezado\Figura</Filter>
    </ClInclude>
    <ClInclude Include="Example2.h">
      <Filter>Archivos de encabezado\Example</Filter>
    </ClInclude>
    <ClInclude Include="Example3.h">
      <Filter>Archivos de encabezado\Example</Filter>
    </ClInclude>
    <ClInclude Include="Transform.h">
      <Filter>Archivos de encabezado\Math</Filter>
    </ClInclude>
    <ClInclude Include="WorldSpace.h">
      <Filter>Archivos de encabezado\Math</Filter>
    </ClInclude>
    <ClInclude Include="IncludeGL.h">
      <Filter>Archivos de encabezado\Utility</Filter>
    </ClInclude>
  </ItemGroup>
  <ItemGroup>
    <ResourceCompile Include="OpenGL.rc">
      <Filter>Archivos de recursos</Filter>
    </ResourceCompile>
  </ItemGroup>
</Project>